
Microsoft Visual Studio Solution File, Format Version 12.00
# Visual Studio Version 16
VisualStudioVersion = 16.0.30128.74
MinimumVisualStudioVersion = 10.0.40219.1
Project("{FAE04EC0-301F-11D3-BF4B-00C04F79EFBC}") = "eCommerceShop", "eCommerceShop\eCommerceShop.csproj", "{AE59424E-75C7-4833-AEEE-D1207533E8D7}"
EndProject
Global
	GlobalSection(SolutionConfigurationPlatforms) = preSolution
		Debug|Any CPU = Debug|Any CPU
		Release|Any CPU = Release|Any CPU
	EndGlobalSection
	GlobalSection(ProjectConfigurationPlatforms) = postSolution
		{AE59424E-75C7-4833-AEEE-D1207533E8D7}.Debug|Any CPU.ActiveCfg = Debug|Any CPU
		{AE59424E-75C7-4833-AEEE-D1207533E8D7}.Debug|Any CPU.Build.0 = Debug|Any CPU
		{AE59424E-75C7-4833-AEEE-D1207533E8D7}.Release|Any CPU.ActiveCfg = Release|Any CPU
		{AE59424E-75C7-4833-AEEE-D1207533E8D7}.Release|Any CPU.Build.0 = Release|Any CPU
	EndGlobalSection
	GlobalSection(SolutionProperties) = preSolution
		HideSolutionNode = FALSE
	EndGlobalSection
	GlobalSection(ExtensibilityGlobals) = postSolution
		SolutionGuid = {5365C926-FB83-4BB0-B011-FCEF0C6572FA}
	EndGlobalSection
EndGlobal
